
Microsoft Visual Studio Solution File, Format Version 12.00
# Visual Studio Version 17
VisualStudioVersion = 17.14.36511.14 d17.14
MinimumVisualStudioVersion = 10.0.40219.1
Project("{FAE04EC0-301F-11D3-BF4B-00C04F79EFBC}") = "InfiniteTicTacToe", "InfiniteTicTacToe\InfiniteTicTacToe.csproj", "{51692C04-6C3D-44F8-97E8-694F885ED56F}"
EndProject
Global
	GlobalSection(SolutionConfigurationPlatforms) = preSolution
		Debug|Any CPU = Debug|Any CPU
		Release|Any CPU = Release|Any CPU
	EndGlobalSection
	GlobalSection(ProjectConfigurationPlatforms) = postSolution
		{51692C04-6C3D-44F8-97E8-694F885ED56F}.Debug|Any CPU.ActiveCfg = Debug|Any CPU
		{51692C04-6C3D-44F8-97E8-694F885ED56F}.Debug|Any CPU.Build.0 = Debug|Any CPU
		{51692C04-6C3D-44F8-97E8-694F885ED56F}.Release|Any CPU.ActiveCfg = Release|Any CPU
		{51692C04-6C3D-44F8-97E8-694F885ED56F}.Release|Any CPU.Build.0 = Release|Any CPU
	EndGlobalSection
	GlobalSection(SolutionProperties) = preSolution
		HideSolutionNode = FALSE
	EndGlobalSection
	GlobalSection(ExtensibilityGlobals) = postSolution
		SolutionGuid = {571609B9-4048-44F1-8C3A-C64CFC1B07EB}
	EndGlobalSection
EndGlobal
